
Microsoft Visual Studio Solution File, Format Version 12.00
# Visual Studio 2013
VisualStudioVersion = 12.0.30110.0
MinimumVisualStudioVersion = 10.0.40219.1
Project("{FAE04EC0-301F-11D3-BF4B-00C04F79EFBC}") = "Truextend.AdmStudent.DAO.Tests", "Truextend.AdmStudent.DAO.Tests\Truextend.AdmStudent.DAO.Tests.csproj", "{1D98EC20-5417-47C0-BA1E-BBB6E897818F}"
EndProject
Project("{FAE04EC0-301F-11D3-BF4B-00C04F79EFBC}") = "Truextend.AdmStudent.Services.Tests", "Truextend.AdmStudent.Services.Tests\Truextend.AdmStudent.Services.Tests.csproj", "{C6D52119-3660-4B46-A8D2-D378315399E7}"
EndProject
Project("{FAE04EC0-301F-11D3-BF4B-00C04F79EFBC}") = "Truextend.AdmStudent.DAO", "Truextend.AdmStudent.DAO\Truextend.AdmStudent.DAO.csproj", "{E1F7D7CF-183A-433A-8B5D-AD172AE6E8ED}"
EndProject
Project("{FAE04EC0-301F-11D3-BF4B-00C04F79EFBC}") = "Truextend.AdmStudent.Domain", "Truextend.AdmStudent.Domain\Truextend.AdmStudent.Domain.csproj", "{45FF4BBE-4515-4C56-B337-9B8D06AA9814}"
EndProject
Project("{FAE04EC0-301F-11D3-BF4B-00C04F79EFBC}") = "Truextend.AdmStudent.Commons", "Truextend.AdmStudent.Commons\Truextend.AdmStudent.Commons.csproj", "{9CD44461-0AEA-4FEC-B21C-280709983DAA}"
EndProject
Project("{FAE04EC0-301F-11D3-BF4B-00C04F79EFBC}") = "Truextend.AdmStudent.Services", "Truextend.AdmStudent.Services\Truextend.AdmStudent.Services.csproj", "{E617BD18-98B5-4ED1-BFB0-D1E9037D5171}"
EndProject
Project("{2150E333-8FDC-42A3-9474-1A3956D46DE8}") = "Tests", "Tests", "{E780ABDD-09FE-421E-858B-D6580A872806}"
EndProject
Project("{2150E333-8FDC-42A3-9474-1A3956D46DE8}") = "DAO", "DAO", "{06BCB86A-7E31-4384-A0E7-53F5A27C1A5C}"
EndProject
Project("{2150E333-8FDC-42A3-9474-1A3956D46DE8}") = "Services", "Services", "{8210D8C4-D9C7-41CA-B8BF-39C0604054C6}"
EndProject
Project("{FAE04EC0-301F-11D3-BF4B-00C04F79EFBC}") = "Truextend.AdmStudent.DAO.FileSystem", "Truextend.AdmStudent.DAO.FileSystem\Truextend.AdmStudent.DAO.FileSystem.csproj", "{8019E447-037B-49C7-A4BB-05745A79804D}"
EndProject
Project("{FAE04EC0-301F-11D3-BF4B-00C04F79EFBC}") = "Truextend.AdmStudent.Services.Impl", "Truextend.AdmStudent.Services.Impl\Truextend.AdmStudent.Services.Impl.csproj", "{E0075918-CE79-458F-A04B-331BEF5FAC51}"
EndProject
Project("{2150E333-8FDC-42A3-9474-1A3956D46DE8}") = "Domain", "Domain", "{97AA482E-F979-4A8B-9088-9510D8A2AA27}"
EndProject
Project("{FAE04EC0-301F-11D3-BF4B-00C04F79EFBC}") = "Truextend.AdmStudent.API.Server", "Truextend.AdmStudent.API.Server\Truextend.AdmStudent.API.Server.csproj", "{3E5FA82F-E15C-49A7-ACE0-4BB0655B1911}"
EndProject
Project("{FAE04EC0-301F-11D3-BF4B-00C04F79EFBC}") = "Truextend.AdmStudent.API", "Truextend.AdmStudent.API\Truextend.AdmStudent.API.csproj", "{AF385840-C9BE-45F5-BD3C-01E6A345681E}"
EndProject
Project("{2150E333-8FDC-42A3-9474-1A3956D46DE8}") = "API", "API", "{8EDCD5C2-8712-4EB3-8D8D-B4AC12026BB5}"
EndProject
Project("{FAE04EC0-301F-11D3-BF4B-00C04F79EFBC}") = "Truextend.AdmStudent.UI.Web", "Truextend.AdmStudent.UI.Web\Truextend.AdmStudent.UI.Web.csproj", "{5D5C7AF1-3A8B-4414-A45A-BD183AC6E594}"
EndProject
Project("{FAE04EC0-301F-11D3-BF4B-00C04F79EFBC}") = "Truextend.AdmStudent.UI.Console", "Truextend.AdmStudent.UI.Console\Truextend.AdmStudent.UI.Console.csproj", "{D37246C8-8905-44FE-BB63-41071474C904}"
EndProject
Project("{2150E333-8FDC-42A3-9474-1A3956D46DE8}") = "Presentation", "Presentation", "{7CCB4821-FC6C-406C-910E-DB5F2A8401EC}"
EndProject
Global
	GlobalSection(SolutionConfigurationPlatforms) = preSolution
		Debug|Any CPU = Debug|Any CPU
		Release|Any CPU = Release|Any CPU
	EndGlobalSection
	GlobalSection(ProjectConfigurationPlatforms) = postSolution
		{1D98EC20-5417-47C0-BA1E-BBB6E897818F}.Debug|Any CPU.ActiveCfg = Debug|Any CPU
		{1D98EC20-5417-47C0-BA1E-BBB6E897818F}.Debug|Any CPU.Build.0 = Debug|Any CPU
		{1D98EC20-5417-47C0-BA1E-BBB6E897818F}.Release|Any CPU.ActiveCfg = Release|Any CPU
		{1D98EC20-5417-47C0-BA1E-BBB6E897818F}.Release|Any CPU.Build.0 = Release|Any CPU
		{C6D52119-3660-4B46-A8D2-D378315399E7}.Debug|Any CPU.ActiveCfg = Debug|Any CPU
		{C6D52119-3660-4B46-A8D2-D378315399E7}.Debug|Any CPU.Build.0 = Debug|Any CPU
		{C6D52119-3660-4B46-A8D2-D378315399E7}.Release|Any CPU.ActiveCfg = Release|Any CPU
		{C6D52119-3660-4B46-A8D2-D378315399E7}.Release|Any CPU.Build.0 = Release|Any CPU
		{E1F7D7CF-183A-433A-8B5D-AD172AE6E8ED}.Debug|Any CPU.ActiveCfg = Debug|Any CPU
		{E1F7D7CF-183A-433A-8B5D-AD172AE6E8ED}.Debug|Any CPU.Build.0 = Debug|Any CPU
		{E1F7D7CF-183A-433A-8B5D-AD172AE6E8ED}.Release|Any CPU.ActiveCfg = Release|Any CPU
		{E1F7D7CF-183A-433A-8B5D-AD172AE6E8ED}.Release|Any CPU.Build.0 = Release|Any CPU
		{45FF4BBE-4515-4C56-B337-9B8D06AA9814}.Debug|Any CPU.ActiveCfg = Debug|Any CPU
		{45FF4BBE-4515-4C56-B337-9B8D06AA9814}.Debug|Any CPU.Build.0 = Debug|Any CPU
		{45FF4BBE-4515-4C56-B337-9B8D06AA9814}.Release|Any CPU.ActiveCfg = Release|Any CPU
		{45FF4BBE-4515-4C56-B337-9B8D06AA9814}.Release|Any CPU.Build.0 = Release|Any CPU
		{9CD44461-0AEA-4FEC-B21C-280709983DAA}.Debug|Any CPU.ActiveCfg = Debug|Any CPU
		{9CD44461-0AEA-4FEC-B21C-280709983DAA}.Debug|Any CPU.Build.0 = Debug|Any CPU
		{9CD44461-0AEA-4FEC-B21C-280709983DAA}.Release|Any CPU.ActiveCfg = Release|Any CPU
		{9CD44461-0AEA-4FEC-B21C-280709983DAA}.Release|Any CPU.Build.0 = Release|Any CPU
		{E617BD18-98B5-4ED1-BFB0-D1E9037D5171}.Debug|Any CPU.ActiveCfg = Debug|Any CPU
		{E617BD18-98B5-4ED1-BFB0-D1E9037D5171}.Debug|Any CPU.Build.0 = Debug|Any CPU
		{E617BD18-98B5-4ED1-BFB0-D1E9037D5171}.Release|Any CPU.ActiveCfg = Release|Any CPU
		{E617BD18-98B5-4ED1-BFB0-D1E9037D5171}.Release|Any CPU.Build.0 = Release|Any CPU
		{8019E447-037B-49C7-A4BB-05745A79804D}.Debug|Any CPU.ActiveCfg = Debug|Any CPU
		{8019E447-037B-49C7-A4BB-05745A79804D}.Debug|Any CPU.Build.0 = Debug|Any CPU
		{8019E447-037B-49C7-A4BB-05745A79804D}.Release|Any CPU.ActiveCfg = Release|Any CPU
		{8019E447-037B-49C7-A4BB-05745A79804D}.Release|Any CPU.Build.0 = Release|Any CPU
		{E0075918-CE79-458F-A04B-331BEF5FAC51}.Debug|Any CPU.ActiveCfg = Debug|Any CPU
		{E0075918-CE79-458F-A04B-331BEF5FAC51}.Debug|Any CPU.Build.0 = Debug|Any CPU
		{E0075918-CE79-458F-A04B-331BEF5FAC51}.Release|Any CPU.ActiveCfg = Release|Any CPU
		{E0075918-CE79-458F-A04B-331BEF5FAC51}.Release|Any CPU.Build.0 = Release|Any CPU
		{3E5FA82F-E15C-49A7-ACE0-4BB0655B1911}.Debug|Any CPU.ActiveCfg = Debug|Any CPU
		{3E5FA82F-E15C-49A7-ACE0-4BB0655B1911}.Debug|Any CPU.Build.0 = Debug|Any CPU
		{3E5FA82F-E15C-49A7-ACE0-4BB0655B1911}.Release|Any CPU.ActiveCfg = Release|Any CPU
		{3E5FA82F-E15C-49A7-ACE0-4BB0655B1911}.Release|Any CPU.Build.0 = Release|Any CPU
		{AF385840-C9BE-45F5-BD3C-01E6A345681E}.Debug|Any CPU.ActiveCfg = Debug|Any CPU
		{AF385840-C9BE-45F5-BD3C-01E6A345681E}.Debug|Any CPU.Build.0 = Debug|Any CPU
		{AF385840-C9BE-45F5-BD3C-01E6A345681E}.Release|Any CPU.ActiveCfg = Release|Any CPU
		{AF385840-C9BE-45F5-BD3C-01E6A345681E}.Release|Any CPU.Build.0 = Release|Any CPU
		{5D5C7AF1-3A8B-4414-A45A-BD183AC6E594}.Debug|Any CPU.ActiveCfg = Debug|Any CPU
		{5D5C7AF1-3A8B-4414-A45A-BD183AC6E594}.Debug|Any CPU.Build.0 = Debug|Any CPU
		{5D5C7AF1-3A8B-4414-A45A-BD183AC6E594}.Release|Any CPU.ActiveCfg = Release|Any CPU
		{5D5C7AF1-3A8B-4414-A45A-BD183AC6E594}.Release|Any CPU.Build.0 = Release|Any CPU
		{D37246C8-8905-44FE-BB63-41071474C904}.Debug|Any CPU.ActiveCfg = Debug|Any CPU
		{D37246C8-8905-44FE-BB63-41071474C904}.Debug|Any CPU.Build.0 = Debug|Any CPU
		{D37246C8-8905-44FE-BB63-41071474C904}.Release|Any CPU.ActiveCfg = Release|Any CPU
		{D37246C8-8905-44FE-BB63-41071474C904}.Release|Any CPU.Build.0 = Release|Any CPU
	EndGlobalSection
	GlobalSection(SolutionProperties) = preSolution
		HideSolutionNode = FALSE
	EndGlobalSection
	GlobalSection(NestedProjects) = preSolution
		{C6D52119-3660-4B46-A8D2-D378315399E7} = {E780ABDD-09FE-421E-858B-D6580A872806}
		{1D98EC20-5417-47C0-BA1E-BBB6E897818F} = {E780ABDD-09FE-421E-858B-D6580A872806}
		{E1F7D7CF-183A-433A-8B5D-AD172AE6E8ED} = {06BCB86A-7E31-4384-A0E7-53F5A27C1A5C}
		{8019E447-037B-49C7-A4BB-05745A79804D} = {06BCB86A-7E31-4384-A0E7-53F5A27C1A5C}
		{9CD44461-0AEA-4FEC-B21C-280709983DAA} = {97AA482E-F979-4A8B-9088-9510D8A2AA27}
		{45FF4BBE-4515-4C56-B337-9B8D06AA9814} = {97AA482E-F979-4A8B-9088-9510D8A2AA27}
		{E617BD18-98B5-4ED1-BFB0-D1E9037D5171} = {8210D8C4-D9C7-41CA-B8BF-39C0604054C6}
		{E0075918-CE79-458F-A04B-331BEF5FAC51} = {8210D8C4-D9C7-41CA-B8BF-39C0604054C6}
		{AF385840-C9BE-45F5-BD3C-01E6A345681E} = {8EDCD5C2-8712-4EB3-8D8D-B4AC12026BB5}
		{3E5FA82F-E15C-49A7-ACE0-4BB0655B1911} = {8EDCD5C2-8712-4EB3-8D8D-B4AC12026BB5}
		{D37246C8-8905-44FE-BB63-41071474C904} = {7CCB4821-FC6C-406C-910E-DB5F2A8401EC}
		{5D5C7AF1-3A8B-4414-A45A-BD183AC6E594} = {7CCB4821-FC6C-406C-910E-DB5F2A8401EC}
	EndGlobalSection
EndGlobal
